
Microsoft Visual Studio Solution File, Format Version 12.00
# Visual Studio Version 17
VisualStudioVersion = 17.11.35327.3
MinimumVisualStudioVersion = 10.0.40219.1
Project("{FAE04EC0-301F-11D3-BF4B-00C04F79EFBC}") = "EON-Uppgift", "EON-Uppgift\EON-Uppgift.csproj", "{C7275D1C-7262-4216-AE77-0C8A0B191D79}"
EndProject
Project("{FAE04EC0-301F-11D3-BF4B-00C04F79EFBC}") = "EON-Uppgift-Tests", "EON-Uppgift-Tests\EON-Uppgift-Tests.csproj", "{58514656-96F2-4AB2-B4C2-3C677F2190B7}"
EndProject
Global
	GlobalSection(SolutionConfigurationPlatforms) = preSolution
		Debug|Any CPU = Debug|Any CPU
		Release|Any CPU = Release|Any CPU
	EndGlobalSection
	GlobalSection(ProjectConfigurationPlatforms) = postSolution
		{C7275D1C-7262-4216-AE77-0C8A0B191D79}.Debug|Any CPU.ActiveCfg = Debug|Any CPU
		{C7275D1C-7262-4216-AE77-0C8A0B191D79}.Debug|Any CPU.Build.0 = Debug|Any CPU
		{C7275D1C-7262-4216-AE77-0C8A0B191D79}.Release|Any CPU.ActiveCfg = Release|Any CPU
		{C7275D1C-7262-4216-AE77-0C8A0B191D79}.Release|Any CPU.Build.0 = Release|Any CPU
		{58514656-96F2-4AB2-B4C2-3C677F2190B7}.Debug|Any CPU.ActiveCfg = Debug|Any CPU
		{58514656-96F2-4AB2-B4C2-3C677F2190B7}.Debug|Any CPU.Build.0 = Debug|Any CPU
		{58514656-96F2-4AB2-B4C2-3C677F2190B7}.Release|Any CPU.ActiveCfg = Release|Any CPU
		{58514656-96F2-4AB2-B4C2-3C677F2190B7}.Release|Any CPU.Build.0 = Release|Any CPU
	EndGlobalSection
	GlobalSection(SolutionProperties) = preSolution
		HideSolutionNode = FALSE
	EndGlobalSection
	GlobalSection(ExtensibilityGlobals) = postSolution
		SolutionGuid = {3EFAC4B4-7731-499F-970C-A09C6A9752EF}
	EndGlobalSection
EndGlobal
